%{
  "bunt": {:hex, :bunt, "1.0.0", "081c2c665f086849e6d57900292b3a161727ab40431219529f13c4ddcf3e7a44", [:mix], [], "hexpm", "dc5f86aa08a5f6fa6b8096f0735c4e76d54ae5c9fa2c143e5a1fc7c1cd9bb6b5"},
  "credo": {:hex, :credo, "1.7.17", "f92b6aa5b26301eaa5a35e4d48ebf5aa1e7094ac00ae38f87086c562caf8a22f", [:mix], [{:bunt, "~> 0.2.1 or ~> 1.0", [hex: :bunt, repo: "hexpm", optional: false]}, {:file_system, "~> 0.2 or ~> 1.0", [hex: :file_system, repo: "hexpm", optional: false]}, {:jason, "~> 1.0", [hex: :jason, repo: "hexpm", optional: false]}], "hexpm", "1eb5645c835f0b6c9b5410f94b5a185057bcf6d62a9c2b476da971cde8749645"},
  "file_system": {:hex, :file_system, "1.1.1", "31864f4685b0148f25bd3fbef2b1228457c0c89024ad67f7a81a3ffbc0bbad3a", [:mix], [], "hexpm", "7a15ff97dfe526aeefb090a7a9d3d03aa907e100e262a0f8f7746b78f8f87a5d"},
  "jason": {:hex, :jason, "1.4.4", "b9226785a9aa77b6857ca22832cffa5d5011a667207eb2a0ad56adb5db443b8a", [:mix], [{:decimal, "~> 1.0 or ~> 2.0", [hex: :decimal, repo: "hexpm", optional: true]}], "hexpm", "c5eb0cab91f094599f94d55bc63409236a8ec69a21a67814529e8d5f6cc90b3b"},
  "orchid": {:hex, :orchid, "0.6.1", "08176dc4a138133b0523c096637dd57858baa2c0fcdde477d4551300c2114f7b", [:mix], [{:telemetry, "~> 1.3", [hex: :telemetry, repo: "hexpm", optional: false]}], "hexpm", "75ee8617f13e1cb861c54cf48e93338c209a93a334772548e923cb8fd8f3756b"},
  "orchid_intervention": {:hex, :orchid_intervention, "0.1.0", "2b05911537a3698f104412594f3d7f9f3355faa6446b96326b8d1704247e40a6", [:mix], [{:orchid, "~> 0.6", [hex: :orchid, repo: "hexpm", optional: false]}], "hexpm", "b61a7cdf6077e020d9f4515d730c67d2b89a486b0fb4d7416991e84bc06c5b7e"},
  "orchid_stratum": {:hex, :orchid_stratum, "0.2.0", "7b0ac69ff4ed1512d272f1bbb76f77c311393dce6eb32b0c3415cbac35e59e51", [:mix], [{:orchid, "~> 0.6", [hex: :orchid, repo: "hexpm", optional: false]}], "hexpm", "8765a118bae89338a571ef8152c9c5cee1a3a3c9b200602e6ead361a61d08d34"},
  "orchid_symbiont": {:hex, :orchid_symbiont, "0.2.5", "96eef0b2883871afc20760eae4d279d0aba699d804a6e67fd8b55b326ab18cba", [:mix], [{:orchid, "~> 0.6", [hex: :orchid, repo: "hexpm", optional: false]}], "hexpm", "81af78418cc299086e12c1850b53810120224e081ef90b7868b2737490c9ac47"},
  "telemetry": {:hex, :telemetry, "1.4.1", "ab6de178e2b29b58e8256b92b382ea3f590a47152ca3651ea857a6cae05ac423", [:rebar3], [], "hexpm", "2172e05a27531d3d31dd9782841065c50dd5c3c7699d95266b2edd54c2dafa1c"},
}
